
Microsoft Visual Studio Solution File, Format Version 12.00
# Visual Studio 15
VisualStudioVersion = 15.0.27703.2026
MinimumVisualStudioVersion = 10.0.40219.1
Project("{FAE04EC0-301F-11D3-BF4B-00C04F79EFBC}") = "CookedRabbit.Demo", "CookedRabbit.Demo\CookedRabbit.Demo.csproj", "{8291B2FC-C60F-449C-B070-C54568192BAF}"
EndProject
Project("{FAE04EC0-301F-11D3-BF4B-00C04F79EFBC}") = "CookedRabbit.Library", "CookedRabbit.Library\CookedRabbit.Library.csproj", "{9B8FDF84-D866-4114-8B2A-78BE8185E8A8}"
EndProject
Project("{2150E333-8FDC-42A3-9474-1A3956D46DE8}") = "NetCore", "NetCore", "{08F22544-FB58-429C-B4D4-34FFF7AE7AD8}"
EndProject
Project("{9A19103F-16F7-4668-BE54-9A1E7A4F7556}") = "CookedRabbit.Core.Demo", "NetCore\CookedRabbit.Core.Demo\CookedRabbit.Core.Demo.csproj", "{74D72E9C-6D18-4DF3-A66C-671F25DBA8FB}"
	ProjectSection(ProjectDependencies) = postProject
		{805DC36F-5E8C-4C5C-964F-F4C7B18805DB} = {805DC36F-5E8C-4C5C-964F-F4C7B18805DB}
	EndProjectSection
EndProject
Project("{9A19103F-16F7-4668-BE54-9A1E7A4F7556}") = "CookedRabbit.Core.Library", "NetCore\CookedRabbit.Core.Library\CookedRabbit.Core.Library.csproj", "{805DC36F-5E8C-4C5C-964F-F4C7B18805DB}"
EndProject
Project("{2150E333-8FDC-42A3-9474-1A3956D46DE8}") = "Solution Items", "Solution Items", "{CBF61554-A3CD-436A-BFC1-9AE7A2002B38}"
	ProjectSection(SolutionItems) = preProject
		nuget.exe = nuget.exe
		README.md = README.md
	EndProjectSection
EndProject
Project("{2150E333-8FDC-42A3-9474-1A3956D46DE8}") = "RabbitMQ", "RabbitMQ", "{0FC0105B-0854-4B36-8D76-F450DD03434D}"
	ProjectSection(SolutionItems) = preProject
		RabbitMQ\readme.txt = RabbitMQ\readme.txt
	EndProjectSection
EndProject
Project("{2150E333-8FDC-42A3-9474-1A3956D46DE8}") = "net472", "net472", "{24D14D5E-EABF-4250-8D8F-18DEE6A3BD6D}"
	ProjectSection(SolutionItems) = preProject
		RabbitMQ\net472\Microsoft.Diagnostics.Tracing.EventSource.dll = RabbitMQ\net472\Microsoft.Diagnostics.Tracing.EventSource.dll
		RabbitMQ\net472\RabbitMQ.Client.dll = RabbitMQ\net472\RabbitMQ.Client.dll
		RabbitMQ\net472\RabbitMQ.Client.pdb = RabbitMQ\net472\RabbitMQ.Client.pdb
		RabbitMQ\net472\RabbitMQ.Client.xml = RabbitMQ\net472\RabbitMQ.Client.xml
		RabbitMQ\net472\System.Reflection.TypeExtensions.dll = RabbitMQ\net472\System.Reflection.TypeExtensions.dll
	EndProjectSection
EndProject
Project("{2150E333-8FDC-42A3-9474-1A3956D46DE8}") = "netstandard2.0", "netstandard2.0", "{37292D42-5E3B-4CD2-B4E6-0EC7B02BF385}"
	ProjectSection(SolutionItems) = preProject
		RabbitMQ\netstandard2.0\RabbitMQ.Client.deps.json = RabbitMQ\netstandard2.0\RabbitMQ.Client.deps.json
		RabbitMQ\netstandard2.0\RabbitMQ.Client.dll = RabbitMQ\netstandard2.0\RabbitMQ.Client.dll
		RabbitMQ\netstandard2.0\RabbitMQ.Client.pdb = RabbitMQ\netstandard2.0\RabbitMQ.Client.pdb
		RabbitMQ\netstandard2.0\RabbitMQ.Client.xml = RabbitMQ\netstandard2.0\RabbitMQ.Client.xml
	EndProjectSection
EndProject
Project("{9A19103F-16F7-4668-BE54-9A1E7A4F7556}") = "CookedRabbit.Core.Benchmark", "NetCore\CookedRabbit.Core.Benchmark\CookedRabbit.Core.Benchmark.csproj", "{D80A6B49-D8F1-4C82-BD2F-F39591C0410A}"
	ProjectSection(ProjectDependencies) = postProject
		{805DC36F-5E8C-4C5C-964F-F4C7B18805DB} = {805DC36F-5E8C-4C5C-964F-F4C7B18805DB}
	EndProjectSection
EndProject
Project("{9A19103F-16F7-4668-BE54-9A1E7A4F7556}") = "CookedRabbit.Core.Tests", "NetCore\CookedRabbit.Core.Tests\CookedRabbit.Core.Tests.csproj", "{6C673F3D-3A87-408F-A979-AB6669054B74}"
	ProjectSection(ProjectDependencies) = postProject
		{805DC36F-5E8C-4C5C-964F-F4C7B18805DB} = {805DC36F-5E8C-4C5C-964F-F4C7B18805DB}
	EndProjectSection
EndProject
Project("{FAE04EC0-301F-11D3-BF4B-00C04F79EFBC}") = "CookedRabbit.Tests", "CookedRabbit.Tests\CookedRabbit.Tests.csproj", "{2E3DF5C2-8A38-4A03-86D7-8D463C917E47}"
EndProject
Global
	GlobalSection(SolutionConfigurationPlatforms) = preSolution
		Debug|Any CPU = Debug|Any CPU
		Debug|x64 = Debug|x64
		Release|Any CPU = Release|Any CPU
		Release|x64 = Release|x64
	EndGlobalSection
	GlobalSection(ProjectConfigurationPlatforms) = postSolution
		{8291B2FC-C60F-449C-B070-C54568192BAF}.Debug|Any CPU.ActiveCfg = Debug|Any CPU
		{8291B2FC-C60F-449C-B070-C54568192BAF}.Debug|Any CPU.Build.0 = Debug|Any CPU
		{8291B2FC-C60F-449C-B070-C54568192BAF}.Debug|x64.ActiveCfg = Debug|x64
		{8291B2FC-C60F-449C-B070-C54568192BAF}.Debug|x64.Build.0 = Debug|x64
		{8291B2FC-C60F-449C-B070-C54568192BAF}.Release|Any CPU.ActiveCfg = Release|Any CPU
		{8291B2FC-C60F-449C-B070-C54568192BAF}.Release|Any CPU.Build.0 = Release|Any CPU
		{8291B2FC-C60F-449C-B070-C54568192BAF}.Release|x64.ActiveCfg = Release|x64
		{8291B2FC-C60F-449C-B070-C54568192BAF}.Release|x64.Build.0 = Release|x64
		{9B8FDF84-D866-4114-8B2A-78BE8185E8A8}.Debug|Any CPU.ActiveCfg = Debug|Any CPU
		{9B8FDF84-D866-4114-8B2A-78BE8185E8A8}.Debug|Any CPU.Build.0 = Debug|Any CPU
		{9B8FDF84-D866-4114-8B2A-78BE8185E8A8}.Debug|x64.ActiveCfg = Debug|x64
		{9B8FDF84-D866-4114-8B2A-78BE8185E8A8}.Debug|x64.Build.0 = Debug|x64
		{9B8FDF84-D866-4114-8B2A-78BE8185E8A8}.Release|Any CPU.ActiveCfg = Release|Any CPU
		{9B8FDF84-D866-4114-8B2A-78BE8185E8A8}.Release|Any CPU.Build.0 = Release|Any CPU
		{9B8FDF84-D866-4114-8B2A-78BE8185E8A8}.Release|x64.ActiveCfg = Release|x64
		{9B8FDF84-D866-4114-8B2A-78BE8185E8A8}.Release|x64.Build.0 = Release|x64
		{74D72E9C-6D18-4DF3-A66C-671F25DBA8FB}.Debug|Any CPU.ActiveCfg = Debug|Any CPU
		{74D72E9C-6D18-4DF3-A66C-671F25DBA8FB}.Debug|Any CPU.Build.0 = Debug|Any CPU
		{74D72E9C-6D18-4DF3-A66C-671F25DBA8FB}.Debug|x64.ActiveCfg = Debug|x64
		{74D72E9C-6D18-4DF3-A66C-671F25DBA8FB}.Debug|x64.Build.0 = Debug|x64
		{74D72E9C-6D18-4DF3-A66C-671F25DBA8FB}.Release|Any CPU.ActiveCfg = Release|Any CPU
		{74D72E9C-6D18-4DF3-A66C-671F25DBA8FB}.Release|Any CPU.Build.0 = Release|Any CPU
		{74D72E9C-6D18-4DF3-A66C-671F25DBA8FB}.Release|x64.ActiveCfg = Release|x64
		{74D72E9C-6D18-4DF3-A66C-671F25DBA8FB}.Release|x64.Build.0 = Release|x64
		{805DC36F-5E8C-4C5C-964F-F4C7B18805DB}.Debug|Any CPU.ActiveCfg = Debug|Any CPU
		{805DC36F-5E8C-4C5C-964F-F4C7B18805DB}.Debug|Any CPU.Build.0 = Debug|Any CPU
		{805DC36F-5E8C-4C5C-964F-F4C7B18805DB}.Debug|x64.ActiveCfg = Debug|x64
		{805DC36F-5E8C-4C5C-964F-F4C7B18805DB}.Debug|x64.Build.0 = Debug|x64
		{805DC36F-5E8C-4C5C-964F-F4C7B18805DB}.Release|Any CPU.ActiveCfg = Release|Any CPU
		{805DC36F-5E8C-4C5C-964F-F4C7B18805DB}.Release|Any CPU.Build.0 = Release|Any CPU
		{805DC36F-5E8C-4C5C-964F-F4C7B18805DB}.Release|x64.ActiveCfg = Release|x64
		{805DC36F-5E8C-4C5C-964F-F4C7B18805DB}.Release|x64.Build.0 = Release|x64
		{D80A6B49-D8F1-4C82-BD2F-F39591C0410A}.Debug|Any CPU.ActiveCfg = Debug|Any CPU
		{D80A6B49-D8F1-4C82-BD2F-F39591C0410A}.Debug|Any CPU.Build.0 = Debug|Any CPU
		{D80A6B49-D8F1-4C82-BD2F-F39591C0410A}.Debug|x64.ActiveCfg = Debug|x64
		{D80A6B49-D8F1-4C82-BD2F-F39591C0410A}.Debug|x64.Build.0 = Debug|x64
		{D80A6B49-D8F1-4C82-BD2F-F39591C0410A}.Release|Any CPU.ActiveCfg = Release|Any CPU
		{D80A6B49-D8F1-4C82-BD2F-F39591C0410A}.Release|Any CPU.Build.0 = Release|Any CPU
		{D80A6B49-D8F1-4C82-BD2F-F39591C0410A}.Release|x64.ActiveCfg = Release|x64
		{D80A6B49-D8F1-4C82-BD2F-F39591C0410A}.Release|x64.Build.0 = Release|x64
		{6C673F3D-3A87-408F-A979-AB6669054B74}.Debug|Any CPU.ActiveCfg = Debug|Any CPU
		{6C673F3D-3A87-408F-A979-AB6669054B74}.Debug|Any CPU.Build.0 = Debug|Any CPU
		{6C673F3D-3A87-408F-A979-AB6669054B74}.Debug|x64.ActiveCfg = Debug|x64
		{6C673F3D-3A87-408F-A979-AB6669054B74}.Debug|x64.Build.0 = Debug|x64
		{6C673F3D-3A87-408F-A979-AB6669054B74}.Release|Any CPU.ActiveCfg = Release|Any CPU
		{6C673F3D-3A87-408F-A979-AB6669054B74}.Release|Any CPU.Build.0 = Release|Any CPU
		{6C673F3D-3A87-408F-A979-AB6669054B74}.Release|x64.ActiveCfg = Release|x64
		{6C673F3D-3A87-408F-A979-AB6669054B74}.Release|x64.Build.0 = Release|x64
		{2E3DF5C2-8A38-4A03-86D7-8D463C917E47}.Debug|Any CPU.ActiveCfg = Debug|Any CPU
		{2E3DF5C2-8A38-4A03-86D7-8D463C917E47}.Debug|Any CPU.Build.0 = Debug|Any CPU
		{2E3DF5C2-8A38-4A03-86D7-8D463C917E47}.Debug|x64.ActiveCfg = Debug|x64
		{2E3DF5C2-8A38-4A03-86D7-8D463C917E47}.Debug|x64.Build.0 = Debug|x64
		{2E3DF5C2-8A38-4A03-86D7-8D463C917E47}.Release|Any CPU.ActiveCfg = Release|Any CPU
		{2E3DF5C2-8A38-4A03-86D7-8D463C917E47}.Release|Any CPU.Build.0 = Release|Any CPU
		{2E3DF5C2-8A38-4A03-86D7-8D463C917E47}.Release|x64.ActiveCfg = Release|x64
		{2E3DF5C2-8A38-4A03-86D7-8D463C917E47}.Release|x64.Build.0 = Release|x64
	EndGlobalSection
	GlobalSection(SolutionProperties) = preSolution
		HideSolutionNode = FALSE
	EndGlobalSection
	GlobalSection(NestedProjects) = preSolution
		{74D72E9C-6D18-4DF3-A66C-671F25DBA8FB} = {08F22544-FB58-429C-B4D4-34FFF7AE7AD8}
		{805DC36F-5E8C-4C5C-964F-F4C7B18805DB} = {08F22544-FB58-429C-B4D4-34FFF7AE7AD8}
		{0FC0105B-0854-4B36-8D76-F450DD03434D} = {CBF61554-A3CD-436A-BFC1-9AE7A2002B38}
		{24D14D5E-EABF-4250-8D8F-18DEE6A3BD6D} = {0FC0105B-0854-4B36-8D76-F450DD03434D}
		{37292D42-5E3B-4CD2-B4E6-0EC7B02BF385} = {0FC0105B-0854-4B36-8D76-F450DD03434D}
		{D80A6B49-D8F1-4C82-BD2F-F39591C0410A} = {08F22544-FB58-429C-B4D4-34FFF7AE7AD8}
		{6C673F3D-3A87-408F-A979-AB6669054B74} = {08F22544-FB58-429C-B4D4-34FFF7AE7AD8}
	EndGlobalSection
	GlobalSection(ExtensibilityGlobals) = postSolution
		SolutionGuid = {9476BB95-35B9-4E23-B26E-CC10A7580C1A}
	EndGlobalSection
EndGlobal
