
Microsoft Visual Studio Solution File, Format Version 12.00
# Visual Studio 15
VisualStudioVersion = 15.0.27703.2026
MinimumVisualStudioVersion = 10.0.40219.1
Project("{FAE04EC0-301F-11D3-BF4B-00C04F79EFBC}") = "CookedRabbit.Demo", "CookedRabbit.Demo\CookedRabbit.Demo.csproj", "{8291B2FC-C60F-449C-B070-C54568192BAF}"
EndProject
Project("{FAE04EC0-301F-11D3-BF4B-00C04F79EFBC}") = "CookedRabbit.Library", "CookedRabbit.Library\CookedRabbit.Library.csproj", "{9B8FDF84-D866-4114-8B2A-78BE8185E8A8}"
EndProject
Project("{2150E333-8FDC-42A3-9474-1A3956D46DE8}") = "NetCore", "NetCore", "{08F22544-FB58-429C-B4D4-34FFF7AE7AD8}"
EndProject
Project("{9A19103F-16F7-4668-BE54-9A1E7A4F7556}") = "CookedRabbit.Core.Demo", "NetCore\CookedRabbit.Core.Demo\CookedRabbit.Core.Demo.csproj", "{74D72E9C-6D18-4DF3-A66C-671F25DBA8FB}"
	ProjectSection(ProjectDependencies) = postProject
		{805DC36F-5E8C-4C5C-964F-F4C7B18805DB} = {805DC36F-5E8C-4C5C-964F-F4C7B18805DB}
	EndProjectSection
EndProject
Project("{9A19103F-16F7-4668-BE54-9A1E7A4F7556}") = "CookedRabbit.Core.Library", "NetCore\CookedRabbit.Core.Library\CookedRabbit.Core.Library.csproj", "{805DC36F-5E8C-4C5C-964F-F4C7B18805DB}"
EndProject
Project("{2150E333-8FDC-42A3-9474-1A3956D46DE8}") = "Solution Items", "Solution Items", "{CBF61554-A3CD-436A-BFC1-9AE7A2002B38}"
	ProjectSection(SolutionItems) = preProject
		README.md = README.md
	EndProjectSection
EndProject
Global
	GlobalSection(SolutionConfigurationPlatforms) = preSolution
		Debug|Any CPU = Debug|Any CPU
		Debug|x64 = Debug|x64
		Debug|x86 = Debug|x86
		Release|Any CPU = Release|Any CPU
		Release|x64 = Release|x64
		Release|x86 = Release|x86
	EndGlobalSection
	GlobalSection(ProjectConfigurationPlatforms) = postSolution
		{8291B2FC-C60F-449C-B070-C54568192BAF}.Debug|Any CPU.ActiveCfg = Debug|Any CPU
		{8291B2FC-C60F-449C-B070-C54568192BAF}.Debug|Any CPU.Build.0 = Debug|Any CPU
		{8291B2FC-C60F-449C-B070-C54568192BAF}.Debug|x64.ActiveCfg = Debug|x64
		{8291B2FC-C60F-449C-B070-C54568192BAF}.Debug|x64.Build.0 = Debug|x64
		{8291B2FC-C60F-449C-B070-C54568192BAF}.Debug|x86.ActiveCfg = Debug|x86
		{8291B2FC-C60F-449C-B070-C54568192BAF}.Debug|x86.Build.0 = Debug|x86
		{8291B2FC-C60F-449C-B070-C54568192BAF}.Release|Any CPU.ActiveCfg = Release|Any CPU
		{8291B2FC-C60F-449C-B070-C54568192BAF}.Release|Any CPU.Build.0 = Release|Any CPU
		{8291B2FC-C60F-449C-B070-C54568192BAF}.Release|x64.ActiveCfg = Release|x64
		{8291B2FC-C60F-449C-B070-C54568192BAF}.Release|x64.Build.0 = Release|x64
		{8291B2FC-C60F-449C-B070-C54568192BAF}.Release|x86.ActiveCfg = Release|x86
		{8291B2FC-C60F-449C-B070-C54568192BAF}.Release|x86.Build.0 = Release|x86
		{9B8FDF84-D866-4114-8B2A-78BE8185E8A8}.Debug|Any CPU.ActiveCfg = Debug|Any CPU
		{9B8FDF84-D866-4114-8B2A-78BE8185E8A8}.Debug|Any CPU.Build.0 = Debug|Any CPU
		{9B8FDF84-D866-4114-8B2A-78BE8185E8A8}.Debug|x64.ActiveCfg = Debug|Any CPU
		{9B8FDF84-D866-4114-8B2A-78BE8185E8A8}.Debug|x64.Build.0 = Debug|Any CPU
		{9B8FDF84-D866-4114-8B2A-78BE8185E8A8}.Debug|x86.ActiveCfg = Debug|Any CPU
		{9B8FDF84-D866-4114-8B2A-78BE8185E8A8}.Debug|x86.Build.0 = Debug|Any CPU
		{9B8FDF84-D866-4114-8B2A-78BE8185E8A8}.Release|Any CPU.ActiveCfg = Release|Any CPU
		{9B8FDF84-D866-4114-8B2A-78BE8185E8A8}.Release|Any CPU.Build.0 = Release|Any CPU
		{9B8FDF84-D866-4114-8B2A-78BE8185E8A8}.Release|x64.ActiveCfg = Release|Any CPU
		{9B8FDF84-D866-4114-8B2A-78BE8185E8A8}.Release|x64.Build.0 = Release|Any CPU
		{9B8FDF84-D866-4114-8B2A-78BE8185E8A8}.Release|x86.ActiveCfg = Release|Any CPU
		{9B8FDF84-D866-4114-8B2A-78BE8185E8A8}.Release|x86.Build.0 = Release|Any CPU
		{74D72E9C-6D18-4DF3-A66C-671F25DBA8FB}.Debug|Any CPU.ActiveCfg = Debug|Any CPU
		{74D72E9C-6D18-4DF3-A66C-671F25DBA8FB}.Debug|Any CPU.Build.0 = Debug|Any CPU
		{74D72E9C-6D18-4DF3-A66C-671F25DBA8FB}.Debug|x64.ActiveCfg = Debug|Any CPU
		{74D72E9C-6D18-4DF3-A66C-671F25DBA8FB}.Debug|x64.Build.0 = Debug|Any CPU
		{74D72E9C-6D18-4DF3-A66C-671F25DBA8FB}.Debug|x86.ActiveCfg = Debug|Any CPU
		{74D72E9C-6D18-4DF3-A66C-671F25DBA8FB}.Debug|x86.Build.0 = Debug|Any CPU
		{74D72E9C-6D18-4DF3-A66C-671F25DBA8FB}.Release|Any CPU.ActiveCfg = Release|Any CPU
		{74D72E9C-6D18-4DF3-A66C-671F25DBA8FB}.Release|Any CPU.Build.0 = Release|Any CPU
		{74D72E9C-6D18-4DF3-A66C-671F25DBA8FB}.Release|x64.ActiveCfg = Release|Any CPU
		{74D72E9C-6D18-4DF3-A66C-671F25DBA8FB}.Release|x64.Build.0 = Release|Any CPU
		{74D72E9C-6D18-4DF3-A66C-671F25DBA8FB}.Release|x86.ActiveCfg = Release|Any CPU
		{74D72E9C-6D18-4DF3-A66C-671F25DBA8FB}.Release|x86.Build.0 = Release|Any CPU
		{805DC36F-5E8C-4C5C-964F-F4C7B18805DB}.Debug|Any CPU.ActiveCfg = Debug|Any CPU
		{805DC36F-5E8C-4C5C-964F-F4C7B18805DB}.Debug|Any CPU.Build.0 = Debug|Any CPU
		{805DC36F-5E8C-4C5C-964F-F4C7B18805DB}.Debug|x64.ActiveCfg = Debug|Any CPU
		{805DC36F-5E8C-4C5C-964F-F4C7B18805DB}.Debug|x64.Build.0 = Debug|Any CPU
		{805DC36F-5E8C-4C5C-964F-F4C7B18805DB}.Debug|x86.ActiveCfg = Debug|Any CPU
		{805DC36F-5E8C-4C5C-964F-F4C7B18805DB}.Debug|x86.Build.0 = Debug|Any CPU
		{805DC36F-5E8C-4C5C-964F-F4C7B18805DB}.Release|Any CPU.ActiveCfg = Release|Any CPU
		{805DC36F-5E8C-4C5C-964F-F4C7B18805DB}.Release|Any CPU.Build.0 = Release|Any CPU
		{805DC36F-5E8C-4C5C-964F-F4C7B18805DB}.Release|x64.ActiveCfg = Release|Any CPU
		{805DC36F-5E8C-4C5C-964F-F4C7B18805DB}.Release|x64.Build.0 = Release|Any CPU
		{805DC36F-5E8C-4C5C-964F-F4C7B18805DB}.Release|x86.ActiveCfg = Release|Any CPU
		{805DC36F-5E8C-4C5C-964F-F4C7B18805DB}.Release|x86.Build.0 = Release|Any CPU
	EndGlobalSection
	GlobalSection(SolutionProperties) = preSolution
		HideSolutionNode = FALSE
	EndGlobalSection
	GlobalSection(NestedProjects) = preSolution
		{74D72E9C-6D18-4DF3-A66C-671F25DBA8FB} = {08F22544-FB58-429C-B4D4-34FFF7AE7AD8}
		{805DC36F-5E8C-4C5C-964F-F4C7B18805DB} = {08F22544-FB58-429C-B4D4-34FFF7AE7AD8}
	EndGlobalSection
	GlobalSection(ExtensibilityGlobals) = postSolution
		SolutionGuid = {9476BB95-35B9-4E23-B26E-CC10A7580C1A}
	EndGlobalSection
EndGlobal
